{
  "nodes": {
    "firefox-addons": {
      "inputs": {
        "nixpkgs": [
          "nixpkgs-stable"
        ]
      },
      "locked": {
        "dir": "pkgs/firefox-addons",
        "lastModified": 1748318605,
        "narHash": "sha256-rxxxdxFGX+C6xT0QPzMY5lDSBgigqtegQfVRRrZicHg=",
        "owner": "rycee",
        "repo": "nur-expressions",
        "rev": "0497d706cb79a3eef1f35dbc45419850c0e01bf1",
        "type": "gitlab"
      },
      "original": {
        "dir": "pkgs/firefox-addons",
        "owner": "rycee",
        "repo": "nur-expressions",
        "type": "gitlab"
      }
    },
    "flake-parts": {
      "inputs": {
        "nixpkgs-lib": [
          "nur",
          "nixpkgs"
        ]
      },
      "locked": {
        "lastModified": 1733312601,
        "narHash": "sha256-4pDvzqnegAfRkPwO3wmwBhVi/Sye1mzps0zHWYnP88c=",
        "owner": "hercules-ci",
        "repo": "flake-parts",
        "rev": "205b12d8b7cd4802fbcb8e8ef6a0f1408781a4f9",
        "type": "github"
      },
      "original": {
        "owner": "hercules-ci",
        "repo": "flake-parts",
        "type": "github"
      }
    },
    "flake-utils": {
      "inputs": {
        "systems": "systems"
      },
      "locked": {
        "lastModified": 1731533236,
        "narHash": "sha256-l0KFg5HjrsfsO/JpG+r7fRrqm12kzFHyUHqHCVpMMbI=",
        "owner": "numtide",
        "repo": "flake-utils",
        "rev": "11707dc2f618dd54ca8739b309ec4fc024de578b",
        "type": "github"
      },
      "original": {
        "owner": "numtide",
        "repo": "flake-utils",
        "type": "github"
      }
    },
    "home-manager": {
      "inputs": {
        "nixpkgs": [
          "nixpkgs-stable"
        ]
      },
      "locked": {
        "lastModified": 1747688870,
        "narHash": "sha256-ypL9WAZfmJr5V70jEVzqGjjQzF0uCkz+AFQF7n9NmNc=",
        "owner": "nix-community",
        "repo": "home-manager",
        "rev": "d5f1f641b289553927b3801580598d200a501863",
        "type": "github"
      },
      "original": {
        "owner": "nix-community",
        "ref": "release-24.11",
        "repo": "home-manager",
        "type": "github"
      }
    },
    "nixpkgs": {
      "locked": {
        "lastModified": 1748190013,
        "narHash": "sha256-R5HJFflOfsP5FBtk+zE8FpL8uqE7n62jqOsADvVshhE=",
        "owner": "nixos",
        "repo": "nixpkgs",
        "rev": "62b852f6c6742134ade1abdd2a21685fd617a291",
        "type": "github"
      },
      "original": {
        "owner": "nixos",
        "ref": "nixos-unstable",
        "repo": "nixpkgs",
        "type": "github"
      }
    },
    "nixpkgs-stable": {
      "locked": {
        "lastModified": 1748037224,
        "narHash": "sha256-92vihpZr6dwEMV6g98M5kHZIttrWahb9iRPBm1atcPk=",
        "owner": "Nixos",
        "repo": "nixpkgs",
        "rev": "f09dede81861f3a83f7f06641ead34f02f37597f",
        "type": "github"
      },
      "original": {
        "owner": "Nixos",
        "ref": "nixos-24.11",
        "repo": "nixpkgs",
        "type": "github"
      }
    },
    "nixpkgs-unstable": {
      "locked": {
        "lastModified": 1748190013,
        "narHash": "sha256-R5HJFflOfsP5FBtk+zE8FpL8uqE7n62jqOsADvVshhE=",
        "owner": "Nixos",
        "repo": "nixpkgs",
        "rev": "62b852f6c6742134ade1abdd2a21685fd617a291",
        "type": "github"
      },
      "original": {
        "owner": "Nixos",
        "ref": "nixos-unstable",
        "repo": "nixpkgs",
        "type": "github"
      }
    },
    "nixpkgs_2": {
      "locked": {
        "lastModified": 1748190013,
        "narHash": "sha256-R5HJFflOfsP5FBtk+zE8FpL8uqE7n62jqOsADvVshhE=",
        "owner": "nixos",
        "repo": "nixpkgs",
        "rev": "62b852f6c6742134ade1abdd2a21685fd617a291",
        "type": "github"
      },
      "original": {
        "owner": "nixos",
        "ref": "nixos-unstable",
        "repo": "nixpkgs",
        "type": "github"
      }
    },
    "nur": {
      "inputs": {
        "flake-parts": "flake-parts",
        "nixpkgs": "nixpkgs",
        "treefmt-nix": "treefmt-nix"
      },
      "locked": {
        "lastModified": 1748357499,
        "narHash": "sha256-WHakqXxCBfggTLa0IA9A4CN1iz0Ba9MzBobMdf9pKhA=",
        "owner": "nix-community",
        "repo": "NUR",
        "rev": "9638f42001fd8c306df7e171d4bbeaf95049eafe",
        "type": "github"
      },
      "original": {
        "owner": "nix-community",
        "repo": "NUR",
        "type": "github"
      }
    },
    "root": {
      "inputs": {
        "firefox-addons": "firefox-addons",
        "home-manager": "home-manager",
        "nixpkgs-stable": "nixpkgs-stable",
        "nixpkgs-unstable": "nixpkgs-unstable",
        "nur": "nur",
        "wpsFonts": "wpsFonts"
      }
    },
    "systems": {
      "locked": {
        "lastModified": 1681028828,
        "narHash": "sha256-Vy1rq5AaRuLzOxct8nz4T6wlgyUR7zLU309k9mBC768=",
        "owner": "nix-systems",
        "repo": "default",
        "rev": "da67096a3b9bf56a91d16901293e51ba5b49a27e",
        "type": "github"
      },
      "original": {
        "owner": "nix-systems",
        "repo": "default",
        "type": "github"
      }
    },
    "treefmt-nix": {
      "inputs": {
        "nixpkgs": [
          "nur",
          "nixpkgs"
        ]
      },
      "locked": {
        "lastModified": 1733222881,
        "narHash": "sha256-JIPcz1PrpXUCbaccEnrcUS8jjEb/1vJbZz5KkobyFdM=",
        "owner": "numtide",
        "repo": "treefmt-nix",
        "rev": "49717b5af6f80172275d47a418c9719a31a78b53",
        "type": "github"
      },
      "original": {
        "owner": "numtide",
        "repo": "treefmt-nix",
        "type": "github"
      }
    },
    "wpsFonts": {
      "inputs": {
        "flake-utils": "flake-utils",
        "nixpkgs": "nixpkgs_2"
      },
      "locked": {
        "lastModified": 1726022768,
        "narHash": "sha256-x0oRF3hIja6bGL/IjCpOqDcFKAB4VDmPf9DC258T0LA=",
        "owner": "hypercrusher",
        "repo": "wpsfonts",
        "rev": "82bc57288852e8c467b00d72e68082109d82e61b",
        "type": "github"
      },
      "original": {
        "owner": "hypercrusher",
        "repo": "wpsfonts",
        "type": "github"
      }
    }
  },
  "root": "root",
  "version": 7
}
